
Microsoft Visual Studio Solution File, Format Version 12.00
# Visual Studio Version 16
VisualStudioVersion = 16.0.31424.327
MinimumVisualStudioVersion = 10.0.40219.1
Project("{FAE04EC0-301F-11D3-BF4B-00C04F79EFBC}") = "VentasSistemasUni", "VentasSistemasUni\VentasSistemasUni.csproj", "{698DF7EF-8198-42BC-B140-5DFA8D00F885}"
EndProject
Project("{FAE04EC0-301F-11D3-BF4B-00C04F79EFBC}") = "app.ventas.common", "app.ventas.common\app.ventas.common.csproj", "{241BAA5A-213C-49D7-8F27-5F6132456C1F}"
EndProject
Global
	GlobalSection(SolutionConfigurationPlatforms) = preSolution
		Debug|Any CPU = Debug|Any CPU
		Release|Any CPU = Release|Any CPU
	EndGlobalSection
	GlobalSection(ProjectConfigurationPlatforms) = postSolution
		{698DF7EF-8198-42BC-B140-5DFA8D00F885}.Debug|Any CPU.ActiveCfg = Debug|Any CPU
		{698DF7EF-8198-42BC-B140-5DFA8D00F885}.Debug|Any CPU.Build.0 = Debug|Any CPU
		{698DF7EF-8198-42BC-B140-5DFA8D00F885}.Release|Any CPU.ActiveCfg = Release|Any CPU
		{698DF7EF-8198-42BC-B140-5DFA8D00F885}.Release|Any CPU.Build.0 = Release|Any CPU
		{241BAA5A-213C-49D7-8F27-5F6132456C1F}.Debug|Any CPU.ActiveCfg = Debug|Any CPU
		{241BAA5A-213C-49D7-8F27-5F6132456C1F}.Debug|Any CPU.Build.0 = Debug|Any CPU
		{241BAA5A-213C-49D7-8F27-5F6132456C1F}.Release|Any CPU.ActiveCfg = Release|Any CPU
		{241BAA5A-213C-49D7-8F27-5F6132456C1F}.Release|Any CPU.Build.0 = Release|Any CPU
	EndGlobalSection
	GlobalSection(SolutionProperties) = preSolution
		HideSolutionNode = FALSE
	EndGlobalSection
	GlobalSection(ExtensibilityGlobals) = postSolution
		SolutionGuid = {B8DFCDCB-C5F6-4001-8105-31DB4F6953F7}
	EndGlobalSection
EndGlobal
